
Microsoft Visual Studio Solution File, Format Version 12.00
# Visual Studio 14
VisualStudioVersion = 14.0.25420.1
MinimumVisualStudioVersion = 10.0.40219.1
Project("{FAE04EC0-301F-11D3-BF4B-00C04F79EFBC}") = "VeracityContainerManagement", "VeracityContainerManagement\VeracityContainerManagement.csproj", "{FCA98A14-83FB-4842-8BF5-4850C4A707BB}"
EndProject
Project("{FAE04EC0-301F-11D3-BF4B-00C04F79EFBC}") = "VeracityContainerManagementAPI", "VeracityContainerManagementAPI\VeracityContainerManagementAPI.csproj", "{858B5BA0-2695-4423-9F36-04AFC33DF483}"
EndProject
Project("{FAE04EC0-301F-11D3-BF4B-00C04F79EFBC}") = "ContainerMangementTest", "ContainerMangementTest\ContainerMangementTest.csproj", "{C9E34951-DF9E-4874-A647-7AD0308B3DE8}"
EndProject
Global
	GlobalSection(SolutionConfigurationPlatforms) = preSolution
		Debug|Any CPU = Debug|Any CPU
		Release|Any CPU = Release|Any CPU
	EndGlobalSection
	GlobalSection(ProjectConfigurationPlatforms) = postSolution
		{FCA98A14-83FB-4842-8BF5-4850C4A707BB}.Debug|Any CPU.ActiveCfg = Debug|Any CPU
		{FCA98A14-83FB-4842-8BF5-4850C4A707BB}.Debug|Any CPU.Build.0 = Debug|Any CPU
		{FCA98A14-83FB-4842-8BF5-4850C4A707BB}.Release|Any CPU.ActiveCfg = Release|Any CPU
		{FCA98A14-83FB-4842-8BF5-4850C4A707BB}.Release|Any CPU.Build.0 = Release|Any CPU
		{858B5BA0-2695-4423-9F36-04AFC33DF483}.Debug|Any CPU.ActiveCfg = Debug|Any CPU
		{858B5BA0-2695-4423-9F36-04AFC33DF483}.Debug|Any CPU.Build.0 = Debug|Any CPU
		{858B5BA0-2695-4423-9F36-04AFC33DF483}.Release|Any CPU.ActiveCfg = Release|Any CPU
		{858B5BA0-2695-4423-9F36-04AFC33DF483}.Release|Any CPU.Build.0 = Release|Any CPU
		{C9E34951-DF9E-4874-A647-7AD0308B3DE8}.Debug|Any CPU.ActiveCfg = Debug|Any CPU
		{C9E34951-DF9E-4874-A647-7AD0308B3DE8}.Debug|Any CPU.Build.0 = Debug|Any CPU
		{C9E34951-DF9E-4874-A647-7AD0308B3DE8}.Release|Any CPU.ActiveCfg = Release|Any CPU
		{C9E34951-DF9E-4874-A647-7AD0308B3DE8}.Release|Any CPU.Build.0 = Release|Any CPU
	EndGlobalSection
	GlobalSection(SolutionProperties) = preSolution
		HideSolutionNode = FALSE
	EndGlobalSection
EndGlobal
